// !$*UTF8*$!
{
	archiveVersion = 1;
	classes = {
	};
	objectVersion = 48;
	objects = {

/* Begin PBXBuildFile section */
		BDBDE0EE20226FB300456540 /* AppDelegate.swift in Sources */ = {isa = PBXBuildFile; fileRef = BDBDE0ED20226FB300456540 /* AppDelegate.swift */; };
		BDBDE0F020226FB300456540 /* ViewController.swift in Sources */ = {isa = PBXBuildFile; fileRef = BDBDE0EF20226FB300456540 /* ViewController.swift */; };
		BDBDE0F320226FB300456540 /* Main.storyboard in Resources */ = {isa = PBXBuildFile; fileRef = BDBDE0F120226FB300456540 /* Main.storyboard */; };
		BDBDE0F620226FB300456540 /* tumblr.xcdatamodeld in Sources */ = {isa = PBXBuildFile; fileRef = BDBDE0F420226FB300456540 /* tumblr.xcdatamodeld */; };
		BDBDE0F820226FB300456540 /* Assets.xcassets in Resources */ = {isa = PBXBuildFile; fileRef = BDBDE0F720226FB300456540 /* Assets.xcassets */; };
		BDBDE0FB20226FB300456540 /* LaunchScreen.storyboard in Resources */ = {isa = PBXBuildFile; fileRef = BDBDE0F920226FB300456540 /* LaunchScreen.storyboard */; };
		BDBDE10620226FB300456540 /* tumblrTests.swift in Sources */ = {isa = PBXBuildFile; fileRef = BDBDE10520226FB300456540 /* tumblrTests.swift */; };
		BDBDE11120226FB300456540 /* tumblrUITests.swift in Sources */ = {isa = PBXBuildFile; fileRef = BDBDE11020226FB300456540 /* tumblrUITests.swift */; };
/* End PBXBuildFile section */

/* Begin PBXContainerItemProxy section */
		BDBDE10220226FB300456540 /* PBXContainerItemProxy */ = {
			isa = PBXContainerItemProxy;
			containerPortal = BDBDE0E220226FB300456540 /* Project object */;
			proxyType = 1;
			remoteGlobalIDString = BDBDE0E920226FB300456540;
			remoteInfo = tumblr;
		};
		BDBDE10D20226FB300456540 /* PBXContainerItemProxy */ = {
			isa = PBXContainerItemProxy;
			containerPortal = BDBDE0E220226FB300456540 /* Project object */;
			proxyType = 1;
			remoteGlobalIDString = BDBDE0E920226FB300456540;
			remoteInfo = tumblr;
		};
/* End PBXContainerItemProxy section */

/* Begin PBXFileReference section */
		BDBDE0EA20226FB300456540 /* tumblr.app */ = {isa = PBXFileReference; explicitFileType = wrapper.application; includeInIndex = 0; path = tumblr.app; sourceTree = BUILT_PRODUCTS_DIR; };
		BDBDE0ED20226FB300456540 /* AppDelegate.swift */ = {isa = PBXFileReference; lastKnownFileType = sourcecode.swift; path = AppDelegate.swift; sourceTree = "<group>"; };
		BDBDE0EF20226FB300456540 /* ViewController.swift */ = {isa = PBXFileReference; lastKnownFileType = sourcecode.swift; path = ViewController.swift; sourceTree = "<group>"; };
		BDBDE0F220226FB300456540 /* Base */ = {isa = PBXFileReference; lastKnownFileType = file.storyboard; name = Base; path = Base.lproj/Main.storyboard; sourceTree = "<group>"; };
		BDBDE0F520226FB300456540 /* tumblr.xcdatamodel */ = {isa = PBXFileReference; lastKnownFileType = wrapper.xcdatamodel; path = tumblr.xcdatamodel; sourceTree = "<group>"; };
		BDBDE0F720226FB300456540 /* Assets.xcassets */ = {isa = PBXFileReference; lastKnownFileType = folder.assetcatalog; path = Assets.xcassets; sourceTree = "<group>"; };
		BDBDE0FA20226FB300456540 /* Base */ = {isa = PBXFileReference; lastKnownFileType = file.storyboard; name = Base; path = Base.lproj/LaunchScreen.storyboard; sourceTree = "<group>"; };
		BDBDE0FC20226FB300456540 /* Info.plist */ = {isa = PBXFileReference; lastKnownFileType = text.plist.xml; path = Info.plist; sourceTree = "<group>"; };
		BDBDE10120226FB300456540 /* tumblrTests.xctest */ = {isa = PBXFileReference; explicitFileType = wrapper.cfbundle; includeInIndex = 0; path = tumblrTests.xctest; sourceTree = BUILT_PRODUCTS_DIR; };
		BDBDE10520226FB300456540 /* tumblrTests.swift */ = {isa = PBXFileReference; lastKnownFileType = sourcecode.swift; path = tumblrTests.swift; sourceTree = "<group>"; };
		BDBDE10720226FB300456540 /* Info.plist */ = {isa = PBXFileReference; lastKnownFileType = text.plist.xml; path = Info.plist; sourceTree = "<group>"; };
		BDBDE10C20226FB300456540 /* tumblrUITests.xctest */ = {isa = PBXFileReference; explicitFileType = wrapper.cfbundle; includeInIndex = 0; path = tumblrUITests.xctest; sourceTree = BUILT_PRODUCTS_DIR; };
		BDBDE11020226FB300456540 /* tumblrUITests.swift */ = {isa = PBXFileReference; lastKnownFileType = sourcecode.swift; path = tumblrUITests.swift; sourceTree = "<group>"; };
		BDBDE11220226FB300456540 /* Info.plist */ = {isa = PBXFileReference; lastKnownFileType = text.plist.xml; path = Info.plist; sourceTree = "<group>"; };
/* End PBXFileReference section */

/* Begin PBXFrameworksBuildPhase section */
		BDBDE0E720226FB300456540 /* Frameworks */ = {
			isa = PBXFrameworksBuildPhase;
			buildActionMask = 2147483647;
			files = (
			);
			runOnlyForDeploymentPostprocessing = 0;
		};
		BDBDE0FE20226FB300456540 /* Frameworks */ = {
			isa = PBXFrameworksBuildPhase;
			buildActionMask = 2147483647;
			files = (
			);
			runOnlyForDeploymentPostprocessing = 0;
		};
		BDBDE10920226FB300456540 /* Frameworks */ = {
			isa = PBXFrameworksBuildPhase;
			buildActionMask = 2147483647;
			files = (
			);
			runOnlyForDeploymentPostprocessing = 0;
		};
/* End PBXFrameworksBuildPhase section */

/* Begin PBXGroup section */
		BDBDE0E120226FB300456540 = {
			isa = PBXGroup;
			children = (
				BDBDE0EC20226FB300456540 /* tumblr */,
				BDBDE10420226FB300456540 /* tumblrTests */,
				BDBDE10F20226FB300456540 /* tumblrUITests */,
				BDBDE0EB20226FB300456540 /* Products */,
			);
			sourceTree = "<group>";
		};
		BDBDE0EB20226FB300456540 /* Products */ = {
			isa = PBXGroup;
			children = (
				BDBDE0EA20226FB300456540 /* tumblr.app */,
				BDBDE10120226FB300456540 /* tumblrTests.xctest */,
				BDBDE10C20226FB300456540 /* tumblrUITests.xctest */,
			);
			name = Products;
			sourceTree = "<group>";
		};
		BDBDE0EC20226FB300456540 /* tumblr */ = {
			isa = PBXGroup;
			children = (
				BDBDE0ED20226FB300456540 /* AppDelegate.swift */,
				BDBDE0EF20226FB300456540 /* ViewController.swift */,
				BDBDE0F120226FB300456540 /* Main.storyboard */,
				BDBDE0F720226FB300456540 /* Assets.xcassets */,
				BDBDE0F920226FB300456540 /* LaunchScreen.storyboard */,
				BDBDE0FC20226FB300456540 /* Info.plist */,
				BDBDE0F420226FB300456540 /* tumblr.xcdatamodeld */,
			);
			path = tumblr;
			sourceTree = "<group>";
		};
		BDBDE10420226FB300456540 /* tumblrTests */ = {
			isa = PBXGroup;
			children = (
				BDBDE10520226FB300456540 /* tumblrTests.swift */,
				BDBDE10720226FB300456540 /* Info.plist */,
			);
			path = tumblrTests;
			sourceTree = "<group>";
		};
		BDBDE10F20226FB300456540 /* tumblrUITests */ = {
			isa = PBXGroup;
			children = (
				BDBDE11020226FB300456540 /* tumblrUITests.swift */,
				BDBDE11220226FB300456540 /* Info.plist */,
			);
			path = tumblrUITests;
			sourceTree = "<group>";
		};
/* End PBXGroup section */

/* Begin PBXNativeTarget section */
		BDBDE0E920226FB300456540 /* tumblr */ = {
			isa = PBXNativeTarget;
			buildConfigurationList = BDBDE11520226FB300456540 /* Build configuration list for PBXNativeTarget "tumblr" */;
			buildPhases = (
				BDBDE0E620226FB300456540 /* Sources */,
				BDBDE0E720226FB300456540 /* Frameworks */,
				BDBDE0E820226FB300456540 /* Resources */,
			);
			buildRules = (
			);
			dependencies = (
			);
			name = tumblr;
			productName = tumblr;
			productReference = BDBDE0EA20226FB300456540 /* tumblr.app */;
			productType = "com.apple.product-type.application";
		};
		BDBDE10020226FB300456540 /* tumblrTests */ = {
			isa = PBXNativeTarget;
			buildConfigurationList = BDBDE11820226FB300456540 /* Build configuration list for PBXNativeTarget "tumblrTests" */;
			buildPhases = (
				BDBDE0FD20226FB300456540 /* Sources */,
				BDBDE0FE20226FB300456540 /* Frameworks */,
				BDBDE0FF20226FB300456540 /* Resources */,
			);
			buildRules = (
			);
			dependencies = (
				BDBDE10320226FB300456540 /* PBXTargetDependency */,
			);
			name = tumblrTests;
			productName = tumblrTests;
			productReference = BDBDE10120226FB300456540 /* tumblrTests.xctest */;
			productType = "com.apple.product-type.bundle.unit-test";
		};
		BDBDE10B20226FB300456540 /* tumblrUITests */ = {
			isa = PBXNativeTarget;
			buildConfigurationList = BDBDE11B20226FB300456540 /* Build configuration list for PBXNativeTarget "tumblrUITests" */;
			buildPhases = (
				BDBDE10820226FB300456540 /* Sources */,
				BDBDE10920226FB300456540 /* Frameworks */,
				BDBDE10A20226FB300456540 /* Resources */,
			);
			buildRules = (
			);
			dependencies = (
				BDBDE10E20226FB300456540 /* PBXTargetDependency */,
			);
			name = tumblrUITests;
			productName = tumblrUITests;
			productReference = BDBDE10C20226FB300456540 /* tumblrUITests.xctest */;
			productType = "com.apple.product-type.bundle.ui-testing";
		};
/* End PBXNativeTarget section */

/* Begin PBXProject section */
		BDBDE0E220226FB300456540 /* Project object */ = {
			isa = PBXProject;
			attributes = {
				LastSwiftUpdateCheck = 0920;
				LastUpgradeCheck = 0920;
				ORGANIZATIONNAME = "ARG Lab";
				TargetAttributes = {
					BDBDE0E920226FB300456540 = {
						CreatedOnToolsVersion = 9.2;
						ProvisioningStyle = Automatic;
					};
					BDBDE10020226FB300456540 = {
						CreatedOnToolsVersion = 9.2;
						ProvisioningStyle = Automatic;
						TestTargetID = BDBDE0E920226FB300456540;
					};
					BDBDE10B20226FB300456540 = {
						CreatedOnToolsVersion = 9.2;
						ProvisioningStyle = Automatic;
						TestTargetID = BDBDE0E920226FB300456540;
					};
				};
			};
			buildConfigurationList = BDBDE0E520226FB300456540 /* Build configuration list for PBXProject "tumblr" */;
			compatibilityVersion = "Xcode 8.0";
			developmentRegion = en;
			hasScannedForEncodings = 0;
			knownRegions = (
				en,
				Base,
			);
			mainGroup = BDBDE0E120226FB300456540;
			productRefGroup = BDBDE0EB20226FB300456540 /* Products */;
			projectDirPath = "";
			projectRoot = "";
			targets = (
				BDBDE0E920226FB300456540 /* tumblr */,
				BDBDE10020226FB300456540 /* tumblrTests */,
				BDBDE10B20226FB300456540 /* tumblrUITests */,
			);
		};
/* End PBXProject section */

/* Begin PBXResourcesBuildPhase section */
		BDBDE0E820226FB300456540 /* Resources */ = {
			isa = PBXResourcesBuildPhase;
			buildActionMask = 2147483647;
			files = (
				BDBDE0FB20226FB300456540 /* LaunchScreen.storyboard in Resources */,
				BDBDE0F820226FB300456540 /* Assets.xcassets in Resources */,
				BDBDE0F320226FB300456540 /* Main.storyboard in Resources */,
			);
			runOnlyForDeploymentPostprocessing = 0;
		};
		BDBDE0FF20226FB300456540 /* Resources */ = {
			isa = PBXResourcesBuildPhase;
			buildActionMask = 2147483647;
			files = (
			);
			runOnlyForDeploymentPostprocessing = 0;
		};
		BDBDE10A20226FB300456540 /* Resources */ = {
			isa = PBXResourcesBuildPhase;
			buildActionMask = 2147483647;
			files = (
			);
			runOnlyForDeploymentPostprocessing = 0;
		};
/* End PBXResourcesBuildPhase section */

/* Begin PBXSourcesBuildPhase section */
		BDBDE0E620226FB300456540 /* Sources */ = {
			isa = PBXSourcesBuildPhase;
			buildActionMask = 2147483647;
			files = (
				BDBDE0F020226FB300456540 /* ViewController.swift in Sources */,
				BDBDE0EE20226FB300456540 /* AppDelegate.swift in Sources */,
				BDBDE0F620226FB300456540 /* tumblr.xcdatamodeld in Sources */,
			);
			runOnlyForDeploymentPostprocessing = 0;
		};
		BDBDE0FD20226FB300456540 /* Sources */ = {
			isa = PBXSourcesBuildPhase;
			buildActionMask = 2147483647;
			files = (
				BDBDE10620226FB300456540 /* tumblrTests.swift in Sources */,
			);
			runOnlyForDeploymentPostprocessing = 0;
		};
		BDBDE10820226FB300456540 /* Sources */ = {
			isa = PBXSourcesBuildPhase;
			buildActionMask = 2147483647;
			files = (
				BDBDE11120226FB300456540 /* tumblrUITests.swift in Sources */,
			);
			runOnlyForDeploymentPostprocessing = 0;
		};
/* End PBXSourcesBuildPhase section */

/* Begin PBXTargetDependency section */
		BDBDE10320226FB300456540 /* PBXTargetDependency */ = {
			isa = PBXTargetDependency;
			target = BDBDE0E920226FB300456540 /* tumblr */;
			targetProxy = BDBDE10220226FB300456540 /* PBXContainerItemProxy */;
		};
		BDBDE10E20226FB300456540 /* PBXTargetDependency */ = {
			isa = PBXTargetDependency;
			target = BDBDE0E920226FB300456540 /* tumblr */;
			targetProxy = BDBDE10D20226FB300456540 /* PBXContainerItemProxy */;
		};
/* End PBXTargetDependency section */

/* Begin PBXVariantGroup section */
		BDBDE0F120226FB300456540 /* Main.storyboard */ = {
			isa = PBXVariantGroup;
			children = (
				BDBDE0F220226FB300456540 /* Base */,
			);
			name = Main.storyboard;
			sourceTree = "<group>";
		};
		BDBDE0F920226FB300456540 /* LaunchScreen.storyboard */ = {
			isa = PBXVariantGroup;
			children = (
				BDBDE0FA20226FB300456540 /* Base */,
			);
			name = LaunchScreen.storyboard;
			sourceTree = "<group>";
		};
/* End PBXVariantGroup section */

/* Begin XCBuildConfiguration section */
		BDBDE11320226FB300456540 /* Debug */ = {
			isa = XCBuildConfiguration;
			buildSettings = {
				ALWAYS_SEARCH_USER_PATHS = NO;
				CLANG_ANALYZER_NONNULL = YES;
				CLANG_ANALYZER_NUMBER_OBJECT_CONVERSION = YES_AGGRESSIVE;
				CLANG_CXX_LANGUAGE_STANDARD = "gnu++14";
				CLANG_CXX_LIBRARY = "libc++";
				CLANG_ENABLE_MODULES = YES;
				CLANG_ENABLE_OBJC_ARC = YES;
				CLANG_WARN_BLOCK_CAPTURE_AUTORELEASING = YES;
				CLANG_WARN_BOOL_CONVERSION = YES;
				CLANG_WARN_COMMA = YES;
				CLANG_WARN_CONSTANT_CONVERSION = YES;
				CLANG_WARN_DIRECT_OBJC_ISA_USAGE = YES_ERROR;
				CLANG_WARN_DOCUMENTATION_COMMENTS = YES;
				CLANG_WARN_EMPTY_BODY = YES;
				CLANG_WARN_ENUM_CONVERSION = YES;
				CLANG_WARN_INFINITE_RECURSION = YES;
				CLANG_WARN_INT_CONVERSION = YES;
				CLANG_WARN_NON_LITERAL_NULL_CONVERSION = YES;
				CLANG_WARN_OBJC_LITERAL_CONVERSION = YES;
				CLANG_WARN_OBJC_ROOT_CLASS = YES_ERROR;
				CLANG_WARN_RANGE_LOOP_ANALYSIS = YES;
				CLANG_WARN_STRICT_PROTOTYPES = YES;
				CLANG_WARN_SUSPICIOUS_MOVE = YES;
				CLANG_WARN_UNGUARDED_AVAILABILITY = YES_AGGRESSIVE;
				CLANG_WARN_UNREACHABLE_CODE = YES;
				CLANG_WARN__DUPLICATE_METHOD_MATCH = YES;
				CODE_SIGN_IDENTITY = "iPhone Developer";
				COPY_PHASE_STRIP = NO;
				DEBUG_INFORMATION_FORMAT = dwarf;
				ENABLE_STRICT_OBJC_MSGSEND = YES;
				ENABLE_TESTABILITY = YES;
				GCC_C_LANGUAGE_STANDARD = gnu11;
				GCC_DYNAMIC_NO_PIC = NO;
				GCC_NO_COMMON_BLOCKS = YES;
				GCC_OPTIMIZATION_LEVEL = 0;
				GCC_PREPROCESSOR_DEFINITIONS = (
					"DEBUG=1",
					"$(inherited)",
				);
				GCC_WARN_64_TO_32_BIT_CONVERSION = YES;
				GCC_WARN_ABOUT_RETURN_TYPE = YES_ERROR;
				GCC_WARN_UNDECLARED_SELECTOR = YES;
				GCC_WARN_UNINITIALIZED_AUTOS = YES_AGGRESSIVE;
				GCC_WARN_UNUSED_FUNCTION = YES;
				GCC_WARN_UNUSED_VARIABLE = YES;
				IPHONEOS_DEPLOYMENT_TARGET = 11.2;
				MTL_ENABLE_DEBUG_INFO = YES;
				ONLY_ACTIVE_ARCH = YES;
				SDKROOT = iphoneos;
				SWIFT_ACTIVE_COMPILATION_CONDITIONS = DEBUG;
				SWIFT_OPTIMIZATION_LEVEL = "-Onone";
			};
			name = Debug;
		};
		BDBDE11420226FB300456540 /* Release */ = {
			isa = XCBuildConfiguration;
			buildSettings = {
				ALWAYS_SEARCH_USER_PATHS = NO;
				CLANG_ANALYZER_NONNULL = YES;
				CLANG_ANALYZER_NUMBER_OBJECT_CONVERSION = YES_AGGRESSIVE;
				CLANG_CXX_LANGUAGE_STANDARD = "gnu++14";
				CLANG_CXX_LIBRARY = "libc++";
				CLANG_ENABLE_MODULES = YES;
				CLANG_ENABLE_OBJC_ARC = YES;
				CLANG_WARN_BLOCK_CAPTURE_AUTORELEASING = YES;
				CLANG_WARN_BOOL_CONVERSION = YES;
				CLANG_WARN_COMMA = YES;
				CLANG_WARN_CONSTANT_CONVERSION = YES;
				CLANG_WARN_DIRECT_OBJC_ISA_USAGE = YES_ERROR;
				CLANG_WARN_DOCUMENTATION_COMMENTS = YES;
				CLANG_WARN_EMPTY_BODY = YES;
				CLANG_WARN_ENUM_CONVERSION = YES;
				CLANG_WARN_INFINITE_RECURSION = YES;
				CLANG_WARN_INT_CONVERSION = YES;
				CLANG_WARN_NON_LITERAL_NULL_CONVERSION = YES;
				CLANG_WARN_OBJC_LITERAL_CONVERSION = YES;
				CLANG_WARN_OBJC_ROOT_CLASS = YES_ERROR;
				CLANG_WARN_RANGE_LOOP_ANALYSIS = YES;
				CLANG_WARN_STRICT_PROTOTYPES = YES;
				CLANG_WARN_SUSPICIOUS_MOVE = YES;
				CLANG_WARN_UNGUARDED_AVAILABILITY = YES_AGGRESSIVE;
				CLANG_WARN_UNREACHABLE_CODE = YES;
				CLANG_WARN__DUPLICATE_METHOD_MATCH = YES;
				CODE_SIGN_IDENTITY = "iPhone Developer";
				COPY_PHASE_STRIP = NO;
				DEBUG_INFORMATION_FORMAT = "dwarf-with-dsym";
				ENABLE_NS_ASSERTIONS = NO;
				ENABLE_STRICT_OBJC_MSGSEND = YES;
				GCC_C_LANGUAGE_STANDARD = gnu11;
				GCC_NO_COMMON_BLOCKS = YES;
				GCC_WARN_64_TO_32_BIT_CONVERSION = YES;
				GCC_WARN_ABOUT_RETURN_TYPE = YES_ERROR;
				GCC_WARN_UNDECLARED_SELECTOR = YES;
				GCC_WARN_UNINITIALIZED_AUTOS = YES_AGGRESSIVE;
				GCC_WARN_UNUSED_FUNCTION = YES;
				GCC_WARN_UNUSED_VARIABLE = YES;
				IPHONEOS_DEPLOYMENT_TARGET = 11.2;
				MTL_ENABLE_DEBUG_INFO = NO;
				SDKROOT = iphoneos;
				SWIFT_OPTIMIZATION_LEVEL = "-Owholemodule";
				VALIDATE_PRODUCT = YES;
			};
			name = Release;
		};
		BDBDE11620226FB300456540 /* Debug */ = {
			isa = XCBuildConfiguration;
			buildSettings = {
				ASSETCATALOG_COMPILER_APPICON_NAME = AppIcon;
				CODE_SIGN_STYLE = Automatic;
				DEVELOPMENT_TEAM = XU7HXHSLJL;
				INFOPLIST_FILE = tumblr/Info.plist;
				LD_RUNPATH_SEARCH_PATHS = "$(inherited) @executable_path/Frameworks";
				PRODUCT_BUNDLE_IDENTIFIER = com.hydra.tumblr;
				PRODUCT_NAME = "$(TARGET_NAME)";
				SWIFT_VERSION = 4.0;
				TARGETED_DEVICE_FAMILY = "1,2";
			};
			name = Debug;
		};
		BDBDE11720226FB300456540 /* Release */ = {
			isa = XCBuildConfiguration;
			buildSettings = {
				ASSETCATALOG_COMPILER_APPICON_NAME = AppIcon;
				CODE_SIGN_STYLE = Automatic;
				DEVELOPMENT_TEAM = XU7HXHSLJL;
				INFOPLIST_FILE = tumblr/Info.plist;
				LD_RUNPATH_SEARCH_PATHS = "$(inherited) @executable_path/Frameworks";
				PRODUCT_BUNDLE_IDENTIFIER = com.hydra.tumblr;
				PRODUCT_NAME = "$(TARGET_NAME)";
				SWIFT_VERSION = 4.0;
				TARGETED_DEVICE_FAMILY = "1,2";
			};
			name = Release;
		};
		BDBDE11920226FB300456540 /* Debug */ = {
			isa = XCBuildConfiguration;
			buildSettings = {
				ALWAYS_EMBED_SWIFT_STANDARD_LIBRARIES = YES;
				BUNDLE_LOADER = "$(TEST_HOST)";
				CODE_SIGN_STYLE = Automatic;
				DEVELOPMENT_TEAM = XU7HXHSLJL;
				INFOPLIST_FILE = tumblrTests/Info.plist;
				LD_RUNPATH_SEARCH_PATHS = "$(inherited) @executable_path/Frameworks @loader_path/Frameworks";
				PRODUCT_BUNDLE_IDENTIFIER = com.hydra.tumblrTests;
				PRODUCT_NAME = "$(TARGET_NAME)";
				SWIFT_VERSION = 4.0;
				TARGETED_DEVICE_FAMILY = "1,2";
				TEST_HOST = "$(BUILT_PRODUCTS_DIR)/tumblr.app/tumblr";
			};
			name = Debug;
		};
		BDBDE11A20226FB300456540 /* Release */ = {
			isa = XCBuildConfiguration;
			buildSettings = {
				ALWAYS_EMBED_SWIFT_STANDARD_LIBRARIES = YES;
				BUNDLE_LOADER = "$(TEST_HOST)";
				CODE_SIGN_STYLE = Automatic;
				DEVELOPMENT_TEAM = XU7HXHSLJL;
				INFOPLIST_FILE = tumblrTests/Info.plist;
				LD_RUNPATH_SEARCH_PATHS = "$(inherited) @executable_path/Frameworks @loader_path/Frameworks";
				PRODUCT_BUNDLE_IDENTIFIER = com.hydra.tumblrTests;
				PRODUCT_NAME = "$(TARGET_NAME)";
				SWIFT_VERSION = 4.0;
				TARGETED_DEVICE_FAMILY = "1,2";
				TEST_HOST = "$(BUILT_PRODUCTS_DIR)/tumblr.app/tumblr";
			};
			name = Release;
		};
		BDBDE11C20226FB300456540 /* Debug */ = {
			isa = XCBuildConfiguration;
			buildSettings = {
				ALWAYS_EMBED_SWIFT_STANDARD_LIBRARIES = YES;
				CODE_SIGN_STYLE = Automatic;
				DEVELOPMENT_TEAM = XU7HXHSLJL;
				INFOPLIST_FILE = tumblrUITests/Info.plist;
				LD_RUNPATH_SEARCH_PATHS = "$(inherited) @executable_path/Frameworks @loader_path/Frameworks";
				PRODUCT_BUNDLE_IDENTIFIER = com.hydra.tumblrUITests;
				PRODUCT_NAME = "$(TARGET_NAME)";
				SWIFT_VERSION = 4.0;
				TARGETED_DEVICE_FAMILY = "1,2";
				TEST_TARGET_NAME = tumblr;
			};
			name = Debug;
		};
		BDBDE11D20226FB300456540 /* Release */ = {
			isa = XCBuildConfiguration;
			buildSettings = {
				ALWAYS_EMBED_SWIFT_STANDARD_LIBRARIES = YES;
				CODE_SIGN_STYLE = Automatic;
				DEVELOPMENT_TEAM = XU7HXHSLJL;
				INFOPLIST_FILE = tumblrUITests/Info.plist;
				LD_RUNPATH_SEARCH_PATHS = "$(inherited) @executable_path/Frameworks @loader_path/Frameworks";
				PRODUCT_BUNDLE_IDENTIFIER = com.hydra.tumblrUITests;
				PRODUCT_NAME = "$(TARGET_NAME)";
				SWIFT_VERSION = 4.0;
				TARGETED_DEVICE_FAMILY = "1,2";
				TEST_TARGET_NAME = tumblr;
			};
			name = Release;
		};
/* End XCBuildConfiguration section */

/* Begin XCConfigurationList section */
		BDBDE0E520226FB300456540 /* Build configuration list for PBXProject "tumblr" */ = {
			isa = XCConfigurationList;
			buildConfigurations = (
				BDBDE11320226FB300456540 /* Debug */,
				BDBDE11420226FB300456540 /* Release */,
			);
			defaultConfigurationIsVisible = 0;
			defaultConfigurationName = Release;
		};
		BDBDE11520226FB300456540 /* Build configuration list for PBXNativeTarget "tumblr" */ = {
			isa = XCConfigurationList;
			buildConfigurations = (
				BDBDE11620226FB300456540 /* Debug */,
				BDBDE11720226FB300456540 /* Release */,
			);
			defaultConfigurationIsVisible = 0;
			defaultConfigurationName = Release;
		};
		BDBDE11820226FB300456540 /* Build configuration list for PBXNativeTarget "tumblrTests" */ = {
			isa = XCConfigurationList;
			buildConfigurations = (
				BDBDE11920226FB300456540 /* Debug */,
				BDBDE11A20226FB300456540 /* Release */,
			);
			defaultConfigurationIsVisible = 0;
			defaultConfigurationName = Release;
		};
		BDBDE11B20226FB300456540 /* Build configuration list for PBXNativeTarget "tumblrUITests" */ = {
			isa = XCConfigurationList;
			buildConfigurations = (
				BDBDE11C20226FB300456540 /* Debug */,
				BDBDE11D20226FB300456540 /* Release */,
			);
			defaultConfigurationIsVisible = 0;
			defaultConfigurationName = Release;
		};
/* End XCConfigurationList section */

/* Begin XCVersionGroup section */
		BDBDE0F420226FB300456540 /* tumblr.xcdatamodeld */ = {
			isa = XCVersionGroup;
			children = (
				BDBDE0F520226FB300456540 /* tumblr.xcdatamodel */,
			);
			currentVersion = BDBDE0F520226FB300456540 /* tumblr.xcdatamodel */;
			path = tumblr.xcdatamodeld;
			sourceTree = "<group>";
			versionGroupType = wrapper.xcdatamodel;
		};
/* End XCVersionGroup section */
	};
	rootObject = BDBDE0E220226FB300456540 /* Project object */;
}
